
Microsoft Visual Studio Solution File, Format Version 12.00
# Visual Studio Version 17
VisualStudioVersion = 17.14.37203.1 d17.14
MinimumVisualStudioVersion = 10.0.40219.1
Project("{FAE04EC0-301F-11D3-BF4B-00C04F79EFBC}") = "UsersAPI", "UsersAPI\UsersAPI.csproj", "{9BC1EAAD-3691-4167-A36D-5C1FA41229B8}"
EndProject
Global
	GlobalSection(SolutionConfigurationPlatforms) = preSolution
		Debug|Any CPU = Debug|Any CPU
		Release|Any CPU = Release|Any CPU
	EndGlobalSection
	GlobalSection(ProjectConfigurationPlatforms) = postSolution
		{9BC1EAAD-3691-4167-A36D-5C1FA41229B8}.Debug|Any CPU.ActiveCfg = Debug|Any CPU
		{9BC1EAAD-3691-4167-A36D-5C1FA41229B8}.Debug|Any CPU.Build.0 = Debug|Any CPU
		{9BC1EAAD-3691-4167-A36D-5C1FA41229B8}.Release|Any CPU.ActiveCfg = Release|Any CPU
		{9BC1EAAD-3691-4167-A36D-5C1FA41229B8}.Release|Any CPU.Build.0 = Release|Any CPU
	EndGlobalSection
	GlobalSection(SolutionProperties) = preSolution
		HideSolutionNode = FALSE
	EndGlobalSection
	GlobalSection(ExtensibilityGlobals) = postSolution
		SolutionGuid = {45D6BE5F-6EFC-4972-8F14-68BCD2C7AF71}
	EndGlobalSection
EndGlobal
